
Microsoft Visual Studio Solution File, Format Version 12.00
# Visual Studio Version 16
VisualStudioVersion = 16.0.35425.106
MinimumVisualStudioVersion = 10.0.40219.1
Project("{FAE04EC0-301F-11D3-BF4B-00C04F79EFBC}") = "RushHour_project", "RushHour_project\RushHour_project.csproj", "{C71E21B4-5D94-4A14-BBA2-7E544BB7BBC9}"
EndProject
Global
	GlobalSection(SolutionConfigurationPlatforms) = preSolution
		Debug|Any CPU = Debug|Any CPU
		Release|Any CPU = Release|Any CPU
	EndGlobalSection
	GlobalSection(ProjectConfigurationPlatforms) = postSolution
		{C71E21B4-5D94-4A14-BBA2-7E544BB7BBC9}.Debug|Any CPU.ActiveCfg = Debug|Any CPU
		{C71E21B4-5D94-4A14-BBA2-7E544BB7BBC9}.Debug|Any CPU.Build.0 = Debug|Any CPU
		{C71E21B4-5D94-4A14-BBA2-7E544BB7BBC9}.Debug|Any CPU.Deploy.0 = Debug|Any CPU
		{C71E21B4-5D94-4A14-BBA2-7E544BB7BBC9}.Release|Any CPU.ActiveCfg = Release|Any CPU
		{C71E21B4-5D94-4A14-BBA2-7E544BB7BBC9}.Release|Any CPU.Build.0 = Release|Any CPU
		{C71E21B4-5D94-4A14-BBA2-7E544BB7BBC9}.Release|Any CPU.Deploy.0 = Release|Any CPU
	EndGlobalSection
	GlobalSection(SolutionProperties) = preSolution
		HideSolutionNode = FALSE
	EndGlobalSection
	GlobalSection(ExtensibilityGlobals) = postSolution
		SolutionGuid = {D325A9B4-F50D-43FC-9F91-10D272E0EE9F}
	EndGlobalSection
EndGlobal
